{
  "lockfileVersion": 1,
  "dependencies": {
    "fs-extra": {
      "version": "10.0.1"
    },
    "graceful-fs": {
      "version": "4.2.10"
    },
    "jsonfile": {
      "version": "6.1.0"
    },
    "lodash": {
      "version": "4.17.15"
    },
    "universalify": {
      "version": "2.0.0"
    }
  }
}
